{
  "name": "eurocat2k.github.io",
  "version": "1.0.0",
  "lockfileVersion": 3,
  "requires": true,
  "packages": {
    "": {
      "name": "eurocat2k.github.io",
      "version": "1.0.0",
      "license": "ISC",
      "dependencies": {
        "@acab/reset.css": "^0.8.0"
      }
    },
    "node_modules/@acab/reset.css": {
      "version": "0.8.0",
      "resolved": "https://registry.npmjs.org/@acab/reset.css/-/reset.css-0.8.0.tgz",
      "integrity": "sha512-uLTamlIusQU1Y7d4Wc68Zh7XfqYL6xEFHP8AcXh4gTizWeEnM7NEeGBbmTLBc0zzdJSTzjYKnyQhmJ3BLFz6og=="
    }
  }
}
